// !$*UTF8*$!
{
	archiveVersion = 1;
	classes = {
	};
	objectVersion = 55;
	objects = {

/* Begin PBXBuildFile section */
		19CB13EF29128D3C00C1D3F5 /* AppDelegate.swift in Sources */ = {isa = PBXBuildFile; fileRef = 19CB13EE29128D3C00C1D3F5 /* AppDelegate.swift */; };
		19CB13F829128D4200C1D3F5 /* Assets.xcassets in Resources */ = {isa = PBXBuildFile; fileRef = 19CB13F729128D4200C1D3F5 /* Assets.xcassets */; };
		19CB13FB29128D4200C1D3F5 /* LaunchScreen.storyboard in Resources */ = {isa = PBXBuildFile; fileRef = 19CB13F929128D4200C1D3F5 /* LaunchScreen.storyboard */; };
		19CB140429128E4F00C1D3F5 /* PhotosVC.swift in Sources */ = {isa = PBXBuildFile; fileRef = 19CB140229128E4F00C1D3F5 /* PhotosVC.swift */; };
		19CB140529128E4F00C1D3F5 /* PhotosVC.xib in Resources */ = {isa = PBXBuildFile; fileRef = 19CB140329128E4F00C1D3F5 /* PhotosVC.xib */; };
		19CFCC062913BB3B00486E2C /* PhotoCell.swift in Sources */ = {isa = PBXBuildFile; fileRef = 19CFCC042913BB3B00486E2C /* PhotoCell.swift */; };
		19CFCC072913BB3B00486E2C /* PhotoCell.xib in Resources */ = {isa = PBXBuildFile; fileRef = 19CFCC052913BB3B00486E2C /* PhotoCell.xib */; };
		19DB0DA02913B2570048075F /* PhotosViewModel.swift in Sources */ = {isa = PBXBuildFile; fileRef = 19DB0D9F2913B2570048075F /* PhotosViewModel.swift */; };
		19DB0DA22913B4C10048075F /* PhotoModel.swift in Sources */ = {isa = PBXBuildFile; fileRef = 19DB0DA12913B4C10048075F /* PhotoModel.swift */; };
		19F2686029140AF700A03AFD /* PhotoDetailViewModel.swift in Sources */ = {isa = PBXBuildFile; fileRef = 19F2685F29140AF700A03AFD /* PhotoDetailViewModel.swift */; };
		19F3D2AA2913BF9400DB6991 /* ApiClient.swift in Sources */ = {isa = PBXBuildFile; fileRef = 19F3D2A92913BF9400DB6991 /* ApiClient.swift */; };
		19F3D2AC2913BFA000DB6991 /* ApiRouter.swift in Sources */ = {isa = PBXBuildFile; fileRef = 19F3D2AB2913BFA000DB6991 /* ApiRouter.swift */; };
		19F3D2AE2913BFAC00DB6991 /* API.swift in Sources */ = {isa = PBXBuildFile; fileRef = 19F3D2AD2913BFAC00DB6991 /* API.swift */; };
		19F3D2B52914070500DB6991 /* PhotoDetailVC.swift in Sources */ = {isa = PBXBuildFile; fileRef = 19F3D2B32914070500DB6991 /* PhotoDetailVC.swift */; };
		19F3D2B62914070500DB6991 /* PhotoDetailVC.xib in Resources */ = {isa = PBXBuildFile; fileRef = 19F3D2B42914070500DB6991 /* PhotoDetailVC.xib */; };
		6306DD64C225D23C596A57ED /* Pods_Image_Fetcher.framework in Frameworks */ = {isa = PBXBuildFile; fileRef = 14B2E76A1F1B326AD3520111 /* Pods_Image_Fetcher.framework */; };
/* End PBXBuildFile section */

/* Begin PBXFileReference section */
		14B2E76A1F1B326AD3520111 /* Pods_Image_Fetcher.framework */ = {isa = PBXFileReference; explicitFileType = wrapper.framework; includeInIndex = 0; path = Pods_Image_Fetcher.framework; sourceTree = BUILT_PRODUCTS_DIR; };
		19CB13EB29128D3C00C1D3F5 /* Image-Fetcher.app */ = {isa = PBXFileReference; explicitFileType = wrapper.application; includeInIndex = 0; path = "Image-Fetcher.app"; sourceTree = BUILT_PRODUCTS_DIR; };
		19CB13EE29128D3C00C1D3F5 /* AppDelegate.swift */ = {isa = PBXFileReference; lastKnownFileType = sourcecode.swift; path = AppDelegate.swift; sourceTree = "<group>"; };
		19CB13F729128D4200C1D3F5 /* Assets.xcassets */ = {isa = PBXFileReference; lastKnownFileType = folder.assetcatalog; path = Assets.xcassets; sourceTree = "<group>"; };
		19CB13FA29128D4200C1D3F5 /* Base */ = {isa = PBXFileReference; lastKnownFileType = file.storyboard; name = Base; path = Base.lproj/LaunchScreen.storyboard; sourceTree = "<group>"; };
		19CB13FC29128D4200C1D3F5 /* Info.plist */ = {isa = PBXFileReference; lastKnownFileType = text.plist.xml; path = Info.plist; sourceTree = "<group>"; };
		19CB140229128E4F00C1D3F5 /* PhotosVC.swift */ = {isa = PBXFileReference; lastKnownFileType = sourcecode.swift; path = PhotosVC.swift; sourceTree = "<group>"; };
		19CB140329128E4F00C1D3F5 /* PhotosVC.xib */ = {isa = PBXFileReference; lastKnownFileType = file.xib; path = PhotosVC.xib; sourceTree = "<group>"; };
		19CFCC042913BB3B00486E2C /* PhotoCell.swift */ = {isa = PBXFileReference; lastKnownFileType = sourcecode.swift; path = PhotoCell.swift; sourceTree = "<group>"; };
		19CFCC052913BB3B00486E2C /* PhotoCell.xib */ = {isa = PBXFileReference; lastKnownFileType = file.xib; path = PhotoCell.xib; sourceTree = "<group>"; };
		19DB0D9F2913B2570048075F /* PhotosViewModel.swift */ = {isa = PBXFileReference; lastKnownFileType = sourcecode.swift; path = PhotosViewModel.swift; sourceTree = "<group>"; };
		19DB0DA12913B4C10048075F /* PhotoModel.swift */ = {isa = PBXFileReference; lastKnownFileType = sourcecode.swift; path = PhotoModel.swift; sourceTree = "<group>"; };
		19F2685F29140AF700A03AFD /* PhotoDetailViewModel.swift */ = {isa = PBXFileReference; lastKnownFileType = sourcecode.swift; path = PhotoDetailViewModel.swift; sourceTree = "<group>"; };
		19F3D2A92913BF9400DB6991 /* ApiClient.swift */ = {isa = PBXFileReference; lastKnownFileType = sourcecode.swift; path = ApiClient.swift; sourceTree = "<group>"; };
		19F3D2AB2913BFA000DB6991 /* ApiRouter.swift */ = {isa = PBXFileReference; lastKnownFileType = sourcecode.swift; path = ApiRouter.swift; sourceTree = "<group>"; };
		19F3D2AD2913BFAC00DB6991 /* API.swift */ = {isa = PBXFileReference; lastKnownFileType = sourcecode.swift; path = API.swift; sourceTree = "<group>"; };
		19F3D2B32914070500DB6991 /* PhotoDetailVC.swift */ = {isa = PBXFileReference; lastKnownFileType = sourcecode.swift; path = PhotoDetailVC.swift; sourceTree = "<group>"; };
		19F3D2B42914070500DB6991 /* PhotoDetailVC.xib */ = {isa = PBXFileReference; lastKnownFileType = file.xib; path = PhotoDetailVC.xib; sourceTree = "<group>"; };
		57D7AB12A1B3003700C8BBCC /* Pods-Image-Fetcher.release.xcconfig */ = {isa = PBXFileReference; includeInIndex = 1; lastKnownFileType = text.xcconfig; name = "Pods-Image-Fetcher.release.xcconfig"; path = "Target Support Files/Pods-Image-Fetcher/Pods-Image-Fetcher.release.xcconfig"; sourceTree = "<group>"; };
		FF3EAAA1D69783509B610D4D /* Pods-Image-Fetcher.debug.xcconfig */ = {isa = PBXFileReference; includeInIndex = 1; lastKnownFileType = text.xcconfig; name = "Pods-Image-Fetcher.debug.xcconfig"; path = "Target Support Files/Pods-Image-Fetcher/Pods-Image-Fetcher.debug.xcconfig"; sourceTree = "<group>"; };
/* End PBXFileReference section */

/* Begin PBXFrameworksBuildPhase section */
		19CB13E829128D3C00C1D3F5 /* Frameworks */ = {
			isa = PBXFrameworksBuildPhase;
			buildActionMask = 2147483647;
			files = (
				6306DD64C225D23C596A57ED /* Pods_Image_Fetcher.framework in Frameworks */,
			);
			runOnlyForDeploymentPostprocessing = 0;
		};
/* End PBXFrameworksBuildPhase section */

/* Begin PBXGroup section */
		19CB13E229128D3C00C1D3F5 = {
			isa = PBXGroup;
			children = (
				19CB13ED29128D3C00C1D3F5 /* Image-Fetcher */,
				19CB13EC29128D3C00C1D3F5 /* Products */,
				E2F9EF254A8A56B315E7BB1B /* Pods */,
				DCA96156B8FD892D2065D996 /* Frameworks */,
			);
			sourceTree = "<group>";
		};
		19CB13EC29128D3C00C1D3F5 /* Products */ = {
			isa = PBXGroup;
			children = (
				19CB13EB29128D3C00C1D3F5 /* Image-Fetcher.app */,
			);
			name = Products;
			sourceTree = "<group>";
		};
		19CB13ED29128D3C00C1D3F5 /* Image-Fetcher */ = {
			isa = PBXGroup;
			children = (
				19F3D2A82913BF0400DB6991 /* Networking */,
				19CB140829128E6F00C1D3F5 /* AppDelegate */,
				19CB140729128E6300C1D3F5 /* MVVM */,
				19CB13F729128D4200C1D3F5 /* Assets.xcassets */,
				19CB13F929128D4200C1D3F5 /* LaunchScreen.storyboard */,
				19CB13FC29128D4200C1D3F5 /* Info.plist */,
			);
			path = "Image-Fetcher";
			sourceTree = "<group>";
		};
		19CB140629128E5700C1D3F5 /* View */ = {
			isa = PBXGroup;
			children = (
				19CB140229128E4F00C1D3F5 /* PhotosVC.swift */,
				19CB140329128E4F00C1D3F5 /* PhotosVC.xib */,
				19CFCC082913BB4300486E2C /* Cell */,
			);
			path = View;
			sourceTree = "<group>";
		};
		19CB140729128E6300C1D3F5 /* MVVM */ = {
			isa = PBXGroup;
			children = (
				19F3D2B2291406E600DB6991 /* PhotoDetail */,
				19CB140A291290BB00C1D3F5 /* Photos */,
			);
			path = MVVM;
			sourceTree = "<group>";
		};
		19CB140829128E6F00C1D3F5 /* AppDelegate */ = {
			isa = PBXGroup;
			children = (
				19CB13EE29128D3C00C1D3F5 /* AppDelegate.swift */,
			);
			path = AppDelegate;
			sourceTree = "<group>";
		};
		19CB140A291290BB00C1D3F5 /* Photos */ = {
			isa = PBXGroup;
			children = (
				19CB140629128E5700C1D3F5 /* View */,
				19DB0D9D2913B23D0048075F /* Model */,
				19DB0D9E2913B2450048075F /* ViewModel */,
			);
			path = Photos;
			sourceTree = "<group>";
		};
		19CFCC082913BB4300486E2C /* Cell */ = {
			isa = PBXGroup;
			children = (
				19CFCC042913BB3B00486E2C /* PhotoCell.swift */,
				19CFCC052913BB3B00486E2C /* PhotoCell.xib */,
			);
			path = Cell;
			sourceTree = "<group>";
		};
		19DB0D9D2913B23D0048075F /* Model */ = {
			isa = PBXGroup;
			children = (
				19DB0DA12913B4C10048075F /* PhotoModel.swift */,
			);
			path = Model;
			sourceTree = "<group>";
		};
		19DB0D9E2913B2450048075F /* ViewModel */ = {
			isa = PBXGroup;
			children = (
				19DB0D9F2913B2570048075F /* PhotosViewModel.swift */,
			);
			path = ViewModel;
			sourceTree = "<group>";
		};
		19F3D2A82913BF0400DB6991 /* Networking */ = {
			isa = PBXGroup;
			children = (
				19F3D2A92913BF9400DB6991 /* ApiClient.swift */,
				19F3D2AB2913BFA000DB6991 /* ApiRouter.swift */,
				19F3D2AD2913BFAC00DB6991 /* API.swift */,
			);
			path = Networking;
			sourceTree = "<group>";
		};
		19F3D2B2291406E600DB6991 /* PhotoDetail */ = {
			isa = PBXGroup;
			children = (
				19F3D2B72914070C00DB6991 /* View */,
				19F3D2B82914071900DB6991 /* Model */,
				19F3D2B92914072100DB6991 /* ViewModel */,
			);
			path = PhotoDetail;
			sourceTree = "<group>";
		};
		19F3D2B72914070C00DB6991 /* View */ = {
			isa = PBXGroup;
			children = (
				19F3D2B32914070500DB6991 /* PhotoDetailVC.swift */,
				19F3D2B42914070500DB6991 /* PhotoDetailVC.xib */,
			);
			path = View;
			sourceTree = "<group>";
		};
		19F3D2B82914071900DB6991 /* Model */ = {
			isa = PBXGroup;
			children = (
			);
			path = Model;
			sourceTree = "<group>";
		};
		19F3D2B92914072100DB6991 /* ViewModel */ = {
			isa = PBXGroup;
			children = (
				19F2685F29140AF700A03AFD /* PhotoDetailViewModel.swift */,
			);
			path = ViewModel;
			sourceTree = "<group>";
		};
		DCA96156B8FD892D2065D996 /* Frameworks */ = {
			isa = PBXGroup;
			children = (
				14B2E76A1F1B326AD3520111 /* Pods_Image_Fetcher.framework */,
			);
			name = Frameworks;
			sourceTree = "<group>";
		};
		E2F9EF254A8A56B315E7BB1B /* Pods */ = {
			isa = PBXGroup;
			children = (
				FF3EAAA1D69783509B610D4D /* Pods-Image-Fetcher.debug.xcconfig */,
				57D7AB12A1B3003700C8BBCC /* Pods-Image-Fetcher.release.xcconfig */,
			);
			path = Pods;
			sourceTree = "<group>";
		};
/* End PBXGroup section */

/* Begin PBXNativeTarget section */
		19CB13EA29128D3C00C1D3F5 /* Image-Fetcher */ = {
			isa = PBXNativeTarget;
			buildConfigurationList = 19CB13FF29128D4200C1D3F5 /* Build configuration list for PBXNativeTarget "Image-Fetcher" */;
			buildPhases = (
				71F2135176B28C8D54CBA4D4 /* [CP] Check Pods Manifest.lock */,
				19CB13E729128D3C00C1D3F5 /* Sources */,
				19CB13E829128D3C00C1D3F5 /* Frameworks */,
				19CB13E929128D3C00C1D3F5 /* Resources */,
				35C98AFA486851E1EADA5771 /* [CP] Embed Pods Frameworks */,
			);
			buildRules = (
			);
			dependencies = (
			);
			name = "Image-Fetcher";
			productName = "Image-Fetcher";
			productReference = 19CB13EB29128D3C00C1D3F5 /* Image-Fetcher.app */;
			productType = "com.apple.product-type.application";
		};
/* End PBXNativeTarget section */

/* Begin PBXProject section */
		19CB13E329128D3C00C1D3F5 /* Project object */ = {
			isa = PBXProject;
			attributes = {
				BuildIndependentTargetsInParallel = 1;
				LastSwiftUpdateCheck = 1320;
				LastUpgradeCheck = 1320;
				TargetAttributes = {
					19CB13EA29128D3C00C1D3F5 = {
						CreatedOnToolsVersion = 13.2.1;
					};
				};
			};
			buildConfigurationList = 19CB13E629128D3C00C1D3F5 /* Build configuration list for PBXProject "Image-Fetcher" */;
			compatibilityVersion = "Xcode 13.0";
			developmentRegion = en;
			hasScannedForEncodings = 0;
			knownRegions = (
				en,
				Base,
			);
			mainGroup = 19CB13E229128D3C00C1D3F5;
			productRefGroup = 19CB13EC29128D3C00C1D3F5 /* Products */;
			projectDirPath = "";
			projectRoot = "";
			targets = (
				19CB13EA29128D3C00C1D3F5 /* Image-Fetcher */,
			);
		};
/* End PBXProject section */

/* Begin PBXResourcesBuildPhase section */
		19CB13E929128D3C00C1D3F5 /* Resources */ = {
			isa = PBXResourcesBuildPhase;
			buildActionMask = 2147483647;
			files = (
				19CFCC072913BB3B00486E2C /* PhotoCell.xib in Resources */,
				19CB13FB29128D4200C1D3F5 /* LaunchScreen.storyboard in Resources */,
				19CB13F829128D4200C1D3F5 /* Assets.xcassets in Resources */,
				19CB140529128E4F00C1D3F5 /* PhotosVC.xib in Resources */,
				19F3D2B62914070500DB6991 /* PhotoDetailVC.xib in Resources */,
			);
			runOnlyForDeploymentPostprocessing = 0;
		};
/* End PBXResourcesBuildPhase section */

/* Begin PBXShellScriptBuildPhase section */
		35C98AFA486851E1EADA5771 /* [CP] Embed Pods Frameworks */ = {
			isa = PBXShellScriptBuildPhase;
			buildActionMask = 2147483647;
			files = (
			);
			inputFileListPaths = (
				"${PODS_ROOT}/Target Support Files/Pods-Image-Fetcher/Pods-Image-Fetcher-frameworks-${CONFIGURATION}-input-files.xcfilelist",
			);
			name = "[CP] Embed Pods Frameworks";
			outputFileListPaths = (
				"${PODS_ROOT}/Target Support Files/Pods-Image-Fetcher/Pods-Image-Fetcher-frameworks-${CONFIGURATION}-output-files.xcfilelist",
			);
			runOnlyForDeploymentPostprocessing = 0;
			shellPath = /bin/sh;
			shellScript = "\"${PODS_ROOT}/Target Support Files/Pods-Image-Fetcher/Pods-Image-Fetcher-frameworks.sh\"\n";
			showEnvVarsInLog = 0;
		};
		71F2135176B28C8D54CBA4D4 /* [CP] Check Pods Manifest.lock */ = {
			isa = PBXShellScriptBuildPhase;
			buildActionMask = 2147483647;
			files = (
			);
			inputFileListPaths = (
			);
			inputPaths = (
				"${PODS_PODFILE_DIR_PATH}/Podfile.lock",
				"${PODS_ROOT}/Manifest.lock",
			);
			name = "[CP] Check Pods Manifest.lock";
			outputFileListPaths = (
			);
			outputPaths = (
				"$(DERIVED_FILE_DIR)/Pods-Image-Fetcher-checkManifestLockResult.txt",
			);
			runOnlyForDeploymentPostprocessing = 0;
			shellPath = /bin/sh;
			shellScript = "diff \"${PODS_PODFILE_DIR_PATH}/Podfile.lock\" \"${PODS_ROOT}/Manifest.lock\" > /dev/null\nif [ $? != 0 ] ; then\n    # print error to STDERR\n    echo \"error: The sandbox is not in sync with the Podfile.lock. Run 'pod install' or update your CocoaPods installation.\" >&2\n    exit 1\nfi\n# This output is used by Xcode 'outputs' to avoid re-running this script phase.\necho \"SUCCESS\" > \"${SCRIPT_OUTPUT_FILE_0}\"\n";
			showEnvVarsInLog = 0;
		};
/* End PBXShellScriptBuildPhase section */

/* Begin PBXSourcesBuildPhase section */
		19CB13E729128D3C00C1D3F5 /* Sources */ = {
			isa = PBXSourcesBuildPhase;
			buildActionMask = 2147483647;
			files = (
				19DB0DA02913B2570048075F /* PhotosViewModel.swift in Sources */,
				19F3D2B52914070500DB6991 /* PhotoDetailVC.swift in Sources */,
				19CFCC062913BB3B00486E2C /* PhotoCell.swift in Sources */,
				19CB13EF29128D3C00C1D3F5 /* AppDelegate.swift in Sources */,
				19DB0DA22913B4C10048075F /* PhotoModel.swift in Sources */,
				19CB140429128E4F00C1D3F5 /* PhotosVC.swift in Sources */,
				19F2686029140AF700A03AFD /* PhotoDetailViewModel.swift in Sources */,
				19F3D2AA2913BF9400DB6991 /* ApiClient.swift in Sources */,
				19F3D2AE2913BFAC00DB6991 /* API.swift in Sources */,
				19F3D2AC2913BFA000DB6991 /* ApiRouter.swift in Sources */,
			);
			runOnlyForDeploymentPostprocessing = 0;
		};
/* End PBXSourcesBuildPhase section */

/* Begin PBXVariantGroup section */
		19CB13F929128D4200C1D3F5 /* LaunchScreen.storyboard */ = {
			isa = PBXVariantGroup;
			children = (
				19CB13FA29128D4200C1D3F5 /* Base */,
			);
			name = LaunchScreen.storyboard;
			sourceTree = "<group>";
		};
/* End PBXVariantGroup section */

/* Begin XCBuildConfiguration section */
		19CB13FD29128D4200C1D3F5 /* Debug */ = {
			isa = XCBuildConfiguration;
			buildSettings = {
				ALWAYS_SEARCH_USER_PATHS = NO;
				CLANG_ANALYZER_NONNULL = YES;
				CLANG_ANALYZER_NUMBER_OBJECT_CONVERSION = YES_AGGRESSIVE;
				CLANG_CXX_LANGUAGE_STANDARD = "gnu++17";
				CLANG_CXX_LIBRARY = "libc++";
				CLANG_ENABLE_MODULES = YES;
				CLANG_ENABLE_OBJC_ARC = YES;
				CLANG_ENABLE_OBJC_WEAK = YES;
				CLANG_WARN_BLOCK_CAPTURE_AUTORELEASING = YES;
				CLANG_WARN_BOOL_CONVERSION = YES;
				CLANG_WARN_COMMA = YES;
				CLANG_WARN_CONSTANT_CONVERSION = YES;
				CLANG_WARN_DEPRECATED_OBJC_IMPLEMENTATIONS = YES;
				CLANG_WARN_DIRECT_OBJC_ISA_USAGE = YES_ERROR;
				CLANG_WARN_DOCUMENTATION_COMMENTS = YES;
				CLANG_WARN_EMPTY_BODY = YES;
				CLANG_WARN_ENUM_CONVERSION = YES;
				CLANG_WARN_INFINITE_RECURSION = YES;
				CLANG_WARN_INT_CONVERSION = YES;
				CLANG_WARN_NON_LITERAL_NULL_CONVERSION = YES;
				CLANG_WARN_OBJC_IMPLICIT_RETAIN_SELF = YES;
				CLANG_WARN_OBJC_LITERAL_CONVERSION = YES;
				CLANG_WARN_OBJC_ROOT_CLASS = YES_ERROR;
				CLANG_WARN_QUOTED_INCLUDE_IN_FRAMEWORK_HEADER = YES;
				CLANG_WARN_RANGE_LOOP_ANALYSIS = YES;
				CLANG_WARN_STRICT_PROTOTYPES = YES;
				CLANG_WARN_SUSPICIOUS_MOVE = YES;
				CLANG_WARN_UNGUARDED_AVAILABILITY = YES_AGGRESSIVE;
				CLANG_WARN_UNREACHABLE_CODE = YES;
				CLANG_WARN__DUPLICATE_METHOD_MATCH = YES;
				COPY_PHASE_STRIP = NO;
				DEBUG_INFORMATION_FORMAT = dwarf;
				ENABLE_STRICT_OBJC_MSGSEND = YES;
				ENABLE_TESTABILITY = YES;
				GCC_C_LANGUAGE_STANDARD = gnu11;
				GCC_DYNAMIC_NO_PIC = NO;
				GCC_NO_COMMON_BLOCKS = YES;
				GCC_OPTIMIZATION_LEVEL = 0;
				GCC_PREPROCESSOR_DEFINITIONS = (
					"DEBUG=1",
					"$(inherited)",
				);
				GCC_WARN_64_TO_32_BIT_CONVERSION = YES;
				GCC_WARN_ABOUT_RETURN_TYPE = YES_ERROR;
				GCC_WARN_UNDECLARED_SELECTOR = YES;
				GCC_WARN_UNINITIALIZED_AUTOS = YES_AGGRESSIVE;
				GCC_WARN_UNUSED_FUNCTION = YES;
				GCC_WARN_UNUSED_VARIABLE = YES;
				IPHONEOS_DEPLOYMENT_TARGET = 15.2;
				MTL_ENABLE_DEBUG_INFO = INCLUDE_SOURCE;
				MTL_FAST_MATH = YES;
				ONLY_ACTIVE_ARCH = YES;
				SDKROOT = iphoneos;
				SWIFT_ACTIVE_COMPILATION_CONDITIONS = DEBUG;
				SWIFT_OPTIMIZATION_LEVEL = "-Onone";
			};
			name = Debug;
		};
		19CB13FE29128D4200C1D3F5 /* Release */ = {
			isa = XCBuildConfiguration;
			buildSettings = {
				ALWAYS_SEARCH_USER_PATHS = NO;
				CLANG_ANALYZER_NONNULL = YES;
				CLANG_ANALYZER_NUMBER_OBJECT_CONVERSION = YES_AGGRESSIVE;
				CLANG_CXX_LANGUAGE_STANDARD = "gnu++17";
				CLANG_CXX_LIBRARY = "libc++";
				CLANG_ENABLE_MODULES = YES;
				CLANG_ENABLE_OBJC_ARC = YES;
				CLANG_ENABLE_OBJC_WEAK = YES;
				CLANG_WARN_BLOCK_CAPTURE_AUTORELEASING = YES;
				CLANG_WARN_BOOL_CONVERSION = YES;
				CLANG_WARN_COMMA = YES;
				CLANG_WARN_CONSTANT_CONVERSION = YES;
				CLANG_WARN_DEPRECATED_OBJC_IMPLEMENTATIONS = YES;
				CLANG_WARN_DIRECT_OBJC_ISA_USAGE = YES_ERROR;
				CLANG_WARN_DOCUMENTATION_COMMENTS = YES;
				CLANG_WARN_EMPTY_BODY = YES;
				CLANG_WARN_ENUM_CONVERSION = YES;
				CLANG_WARN_INFINITE_RECURSION = YES;
				CLANG_WARN_INT_CONVERSION = YES;
				CLANG_WARN_NON_LITERAL_NULL_CONVERSION = YES;
				CLANG_WARN_OBJC_IMPLICIT_RETAIN_SELF = YES;
				CLANG_WARN_OBJC_LITERAL_CONVERSION = YES;
				CLANG_WARN_OBJC_ROOT_CLASS = YES_ERROR;
				CLANG_WARN_QUOTED_INCLUDE_IN_FRAMEWORK_HEADER = YES;
				CLANG_WARN_RANGE_LOOP_ANALYSIS = YES;
				CLANG_WARN_STRICT_PROTOTYPES = YES;
				CLANG_WARN_SUSPICIOUS_MOVE = YES;
				CLANG_WARN_UNGUARDED_AVAILABILITY = YES_AGGRESSIVE;
				CLANG_WARN_UNREACHABLE_CODE = YES;
				CLANG_WARN__DUPLICATE_METHOD_MATCH = YES;
				COPY_PHASE_STRIP = NO;
				DEBUG_INFORMATION_FORMAT = "dwarf-with-dsym";
				ENABLE_NS_ASSERTIONS = NO;
				ENABLE_STRICT_OBJC_MSGSEND = YES;
				GCC_C_LANGUAGE_STANDARD = gnu11;
				GCC_NO_COMMON_BLOCKS = YES;
				GCC_WARN_64_TO_32_BIT_CONVERSION = YES;
				GCC_WARN_ABOUT_RETURN_TYPE = YES_ERROR;
				GCC_WARN_UNDECLARED_SELECTOR = YES;
				GCC_WARN_UNINITIALIZED_AUTOS = YES_AGGRESSIVE;
				GCC_WARN_UNUSED_FUNCTION = YES;
				GCC_WARN_UNUSED_VARIABLE = YES;
				IPHONEOS_DEPLOYMENT_TARGET = 15.2;
				MTL_ENABLE_DEBUG_INFO = NO;
				MTL_FAST_MATH = YES;
				SDKROOT = iphoneos;
				SWIFT_COMPILATION_MODE = wholemodule;
				SWIFT_OPTIMIZATION_LEVEL = "-O";
				VALIDATE_PRODUCT = YES;
			};
			name = Release;
		};
		19CB140029128D4200C1D3F5 /* Debug */ = {
			isa = XCBuildConfiguration;
			baseConfigurationReference = FF3EAAA1D69783509B610D4D /* Pods-Image-Fetcher.debug.xcconfig */;
			buildSettings = {
				ASSETCATALOG_COMPILER_APPICON_NAME = AppIcon;
				ASSETCATALOG_COMPILER_GLOBAL_ACCENT_COLOR_NAME = AccentColor;
				CODE_SIGN_STYLE = Automatic;
				CURRENT_PROJECT_VERSION = 1;
				DEVELOPMENT_TEAM = 76P85BXFRK;
				GENERATE_INFOPLIST_FILE = YES;
				INFOPLIST_FILE = "Image-Fetcher/Info.plist";
				INFOPLIST_KEY_UIApplicationSupportsIndirectInputEvents = YES;
				INFOPLIST_KEY_UILaunchStoryboardName = LaunchScreen;
				INFOPLIST_KEY_UIRequiredDeviceCapabilities = armv7;
				INFOPLIST_KEY_UISupportedInterfaceOrientations = "UIInterfaceOrientationPortrait UIInterfaceOrientationLandscapeLeft UIInterfaceOrientationLandscapeRight";
				INFOPLIST_KEY_UISupportedInterfaceOrientations_iPad = "UIInterfaceOrientationPortrait UIInterfaceOrientationPortraitUpsideDown UIInterfaceOrientationLandscapeLeft UIInterfaceOrientationLandscapeRight";
				INFOPLIST_KEY_UISupportedInterfaceOrientations_iPhone = "UIInterfaceOrientationPortrait UIInterfaceOrientationLandscapeLeft UIInterfaceOrientationLandscapeRight";
				LD_RUNPATH_SEARCH_PATHS = (
					"$(inherited)",
					"@executable_path/Frameworks",
				);
				MARKETING_VERSION = 1.0;
				PRODUCT_BUNDLE_IDENTIFIER = "com.Image-Fetcher";
				PRODUCT_NAME = "$(TARGET_NAME)";
				SWIFT_EMIT_LOC_STRINGS = YES;
				SWIFT_VERSION = 5.0;
				TARGETED_DEVICE_FAMILY = "1,2";
			};
			name = Debug;
		};
		19CB140129128D4200C1D3F5 /* Release */ = {
			isa = XCBuildConfiguration;
			baseConfigurationReference = 57D7AB12A1B3003700C8BBCC /* Pods-Image-Fetcher.release.xcconfig */;
			buildSettings = {
				ASSETCATALOG_COMPILER_APPICON_NAME = AppIcon;
				ASSETCATALOG_COMPILER_GLOBAL_ACCENT_COLOR_NAME = AccentColor;
				CODE_SIGN_STYLE = Automatic;
				CURRENT_PROJECT_VERSION = 1;
				DEVELOPMENT_TEAM = 76P85BXFRK;
				GENERATE_INFOPLIST_FILE = YES;
				INFOPLIST_FILE = "Image-Fetcher/Info.plist";
				INFOPLIST_KEY_UIApplicationSupportsIndirectInputEvents = YES;
				INFOPLIST_KEY_UILaunchStoryboardName = LaunchScreen;
				INFOPLIST_KEY_UIRequiredDeviceCapabilities = armv7;
				INFOPLIST_KEY_UISupportedInterfaceOrientations = "UIInterfaceOrientationPortrait UIInterfaceOrientationLandscapeLeft UIInterfaceOrientationLandscapeRight";
				INFOPLIST_KEY_UISupportedInterfaceOrientations_iPad = "UIInterfaceOrientationPortrait UIInterfaceOrientationPortraitUpsideDown UIInterfaceOrientationLandscapeLeft UIInterfaceOrientationLandscapeRight";
				INFOPLIST_KEY_UISupportedInterfaceOrientations_iPhone = "UIInterfaceOrientationPortrait UIInterfaceOrientationLandscapeLeft UIInterfaceOrientationLandscapeRight";
				LD_RUNPATH_SEARCH_PATHS = (
					"$(inherited)",
					"@executable_path/Frameworks",
				);
				MARKETING_VERSION = 1.0;
				PRODUCT_BUNDLE_IDENTIFIER = "com.Image-Fetcher";
				PRODUCT_NAME = "$(TARGET_NAME)";
				SWIFT_EMIT_LOC_STRINGS = YES;
				SWIFT_VERSION = 5.0;
				TARGETED_DEVICE_FAMILY = "1,2";
			};
			name = Release;
		};
/* End XCBuildConfiguration section */

/* Begin XCConfigurationList section */
		19CB13E629128D3C00C1D3F5 /* Build configuration list for PBXProject "Image-Fetcher" */ = {
			isa = XCConfigurationList;
			buildConfigurations = (
				19CB13FD29128D4200C1D3F5 /* Debug */,
				19CB13FE29128D4200C1D3F5 /* Release */,
			);
			defaultConfigurationIsVisible = 0;
			defaultConfigurationName = Release;
		};
		19CB13FF29128D4200C1D3F5 /* Build configuration list for PBXNativeTarget "Image-Fetcher" */ = {
			isa = XCConfigurationList;
			buildConfigurations = (
				19CB140029128D4200C1D3F5 /* Debug */,
				19CB140129128D4200C1D3F5 /* Release */,
			);
			defaultConfigurationIsVisible = 0;
			defaultConfigurationName = Release;
		};
/* End XCConfigurationList section */
	};
	rootObject = 19CB13E329128D3C00C1D3F5 /* Project object */;
}
